
Microsoft Visual Studio Solution File, Format Version 12.00
# Visual Studio Version 16
VisualStudioVersion = 16.0.29709.97
MinimumVisualStudioVersion = 10.0.40219.1
Project("{2150E333-8FDC-42A3-9474-1A3956D46DE8}") = "01_Fundamentals", "01_Fundamentals", "{E1F99462-0124-4EE6-A300-FDCFFE139B9B}"
EndProject
Project("{9A19103F-16F7-4668-BE54-9A1E7A4F7556}") = "UsingValueTypes", "UsingValueTypes\UsingValueTypes.csproj", "{4418CB95-B37B-4608-A588-BA402E9CAA06}"
EndProject
Project("{9A19103F-16F7-4668-BE54-9A1E7A4F7556}") = "UsingRefereceTypes", "UsingRefereceTypes\UsingRefereceTypes.csproj", "{097581EE-FD17-4822-83FA-8C1B90BE61E2}"
EndProject
Project("{9A19103F-16F7-4668-BE54-9A1E7A4F7556}") = "ConstructingClasses", "ConstructingClasses\ConstructingClasses.csproj", "{B8C438ED-0428-40EA-A6B3-4B776EB7AA48}"
EndProject
Project("{2150E333-8FDC-42A3-9474-1A3956D46DE8}") = "02_Input_Output", "02_Input_Output", "{764C34B0-A74A-45AA-B727-132BD5335DA6}"
EndProject
Project("{9A19103F-16F7-4668-BE54-9A1E7A4F7556}") = "WorkingWithFileSystem", "WorkingWithFileSystem\WorkingWithFileSystem.csproj", "{5D4D2826-FB73-4B71-B5FD-1440A738476B}"
EndProject
Project("{9A19103F-16F7-4668-BE54-9A1E7A4F7556}") = "ReadWriteFilesAndStrems", "ReadWriteFilesAndStrems\ReadWriteFilesAndStrems.csproj", "{5B1FEF63-2099-4D7C-9C9C-E0478F870BBA}"
EndProject
Project("{2150E333-8FDC-42A3-9474-1A3956D46DE8}") = "03_WorkWithText", "03_WorkWithText", "{68C5D4C2-8053-492F-A61C-CDDDC200D1D2}"
EndProject
Project("{9A19103F-16F7-4668-BE54-9A1E7A4F7556}") = "RegularExpression", "RegularExpression\RegularExpression.csproj", "{0CA572D8-9425-4EDA-AF79-56AE07B0176B}"
EndProject
Project("{9A19103F-16F7-4668-BE54-9A1E7A4F7556}") = "EncodingAndDecoding", "EncodingAndDecoding\EncodingAndDecoding.csproj", "{C5867032-598E-4568-BD85-083209505698}"
EndProject
Project("{2150E333-8FDC-42A3-9474-1A3956D46DE8}") = "WorkingWithLINQ", "WorkingWithLINQ", "{E7A41604-7C79-414E-B618-A415DF5A79DB}"
EndProject
Project("{9A19103F-16F7-4668-BE54-9A1E7A4F7556}") = "WorkingLINQ", "WorkingLINQ\WorkingLINQ.csproj", "{595C4A04-3029-4CE5-BDEA-06BEFC7720E5}"
EndProject
Project("{2150E333-8FDC-42A3-9474-1A3956D46DE8}") = "04_CollectionsAndGenerics", "04_CollectionsAndGenerics", "{324E44E4-1A13-4DDC-8153-0AC946F1B728}"
EndProject
Project("{9A19103F-16F7-4668-BE54-9A1E7A4F7556}") = "Collections", "Collections\Collections.csproj", "{315E3216-DC13-476C-8CF2-773E7A920D24}"
EndProject
Project("{2150E333-8FDC-42A3-9474-1A3956D46DE8}") = "05_Serialization", "05_Serialization", "{2F94C292-5536-4B51-B184-DE4178F4CD10}"
EndProject
Project("{9A19103F-16F7-4668-BE54-9A1E7A4F7556}") = "SerializingObject", "SerializingObject\SerializingObject.csproj", "{D5558310-3B27-477C-A7BB-C49B9212576D}"
EndProject
Project("{9A19103F-16F7-4668-BE54-9A1E7A4F7556}") = "SerializingXML", "SerializingXML\SerializingXML.csproj", "{BEDBE38F-13EF-4D80-B5F4-DAE587422971}"
EndProject
Project("{9A19103F-16F7-4668-BE54-9A1E7A4F7556}") = "CustomSerialization", "CustomSerialization\CustomSerialization.csproj", "{1BE8E1D3-5813-488A-9E06-87CE44B22B3D}"
EndProject
Project("{2150E333-8FDC-42A3-9474-1A3956D46DE8}") = "07_Threading", "07_Threading", "{4155F0C9-8E52-4987-AD85-456C023962CF}"
EndProject
Project("{9A19103F-16F7-4668-BE54-9A1E7A4F7556}") = "StartingMultipleThreads", "StartingMultipleThreads\StartingMultipleThreads.csproj", "{2FC60D42-A945-43C7-894E-E48E5F0CF6BF}"
EndProject
Project("{9A19103F-16F7-4668-BE54-9A1E7A4F7556}") = "ManagingThreads", "ManagingThreads\ManagingThreads.csproj", "{7D0269B2-B683-4ABC-935F-AFD69C954BBF}"
EndProject
Project("{9A19103F-16F7-4668-BE54-9A1E7A4F7556}") = "RecordTypesTest", "RecordTypesTest\RecordTypesTest.csproj", "{64DE710C-31B9-4E66-A8B2-1FA5F0BBAA89}"
EndProject
Project("{9A19103F-16F7-4668-BE54-9A1E7A4F7556}") = "MultiThreading", "MultiThreading\MultiThreading.csproj", "{3A3226CF-325E-4F86-A03F-4281D8B5E2AF}"
EndProject
Project("{FAE04EC0-301F-11D3-BF4B-00C04F79EFBC}") = "01CreatingAndStartingTask", "08_TaskParallelism\01CreatingAndStartingTask\01CreatingAndStartingTask.csproj", "{1F0E500C-0FB2-4176-9F89-36C441ABAE54}"
EndProject
Project("{2150E333-8FDC-42A3-9474-1A3956D46DE8}") = "08_TaskParallelism", "08_TaskParallelism", "{E587BC78-2481-4EC6-A968-25A4D0F15F23}"
EndProject
Global
	GlobalSection(SolutionConfigurationPlatforms) = preSolution
		Debug|Any CPU = Debug|Any CPU
		Release|Any CPU = Release|Any CPU
	EndGlobalSection
	GlobalSection(ProjectConfigurationPlatforms) = postSolution
		{4418CB95-B37B-4608-A588-BA402E9CAA06}.Debug|Any CPU.ActiveCfg = Debug|Any CPU
		{4418CB95-B37B-4608-A588-BA402E9CAA06}.Debug|Any CPU.Build.0 = Debug|Any CPU
		{4418CB95-B37B-4608-A588-BA402E9CAA06}.Release|Any CPU.ActiveCfg = Release|Any CPU
		{4418CB95-B37B-4608-A588-BA402E9CAA06}.Release|Any CPU.Build.0 = Release|Any CPU
		{097581EE-FD17-4822-83FA-8C1B90BE61E2}.Debug|Any CPU.ActiveCfg = Debug|Any CPU
		{097581EE-FD17-4822-83FA-8C1B90BE61E2}.Debug|Any CPU.Build.0 = Debug|Any CPU
		{097581EE-FD17-4822-83FA-8C1B90BE61E2}.Release|Any CPU.ActiveCfg = Release|Any CPU
		{097581EE-FD17-4822-83FA-8C1B90BE61E2}.Release|Any CPU.Build.0 = Release|Any CPU
		{B8C438ED-0428-40EA-A6B3-4B776EB7AA48}.Debug|Any CPU.ActiveCfg = Debug|Any CPU
		{B8C438ED-0428-40EA-A6B3-4B776EB7AA48}.Debug|Any CPU.Build.0 = Debug|Any CPU
		{B8C438ED-0428-40EA-A6B3-4B776EB7AA48}.Release|Any CPU.ActiveCfg = Release|Any CPU
		{B8C438ED-0428-40EA-A6B3-4B776EB7AA48}.Release|Any CPU.Build.0 = Release|Any CPU
		{5D4D2826-FB73-4B71-B5FD-1440A738476B}.Debug|Any CPU.ActiveCfg = Debug|Any CPU
		{5D4D2826-FB73-4B71-B5FD-1440A738476B}.Debug|Any CPU.Build.0 = Debug|Any CPU
		{5D4D2826-FB73-4B71-B5FD-1440A738476B}.Release|Any CPU.ActiveCfg = Release|Any CPU
		{5D4D2826-FB73-4B71-B5FD-1440A738476B}.Release|Any CPU.Build.0 = Release|Any CPU
		{5B1FEF63-2099-4D7C-9C9C-E0478F870BBA}.Debug|Any CPU.ActiveCfg = Debug|Any CPU
		{5B1FEF63-2099-4D7C-9C9C-E0478F870BBA}.Debug|Any CPU.Build.0 = Debug|Any CPU
		{5B1FEF63-2099-4D7C-9C9C-E0478F870BBA}.Release|Any CPU.ActiveCfg = Release|Any CPU
		{5B1FEF63-2099-4D7C-9C9C-E0478F870BBA}.Release|Any CPU.Build.0 = Release|Any CPU
		{0CA572D8-9425-4EDA-AF79-56AE07B0176B}.Debug|Any CPU.ActiveCfg = Debug|Any CPU
		{0CA572D8-9425-4EDA-AF79-56AE07B0176B}.Debug|Any CPU.Build.0 = Debug|Any CPU
		{0CA572D8-9425-4EDA-AF79-56AE07B0176B}.Release|Any CPU.ActiveCfg = Release|Any CPU
		{0CA572D8-9425-4EDA-AF79-56AE07B0176B}.Release|Any CPU.Build.0 = Release|Any CPU
		{C5867032-598E-4568-BD85-083209505698}.Debug|Any CPU.ActiveCfg = Debug|Any CPU
		{C5867032-598E-4568-BD85-083209505698}.Debug|Any CPU.Build.0 = Debug|Any CPU
		{C5867032-598E-4568-BD85-083209505698}.Release|Any CPU.ActiveCfg = Release|Any CPU
		{C5867032-598E-4568-BD85-083209505698}.Release|Any CPU.Build.0 = Release|Any CPU
		{595C4A04-3029-4CE5-BDEA-06BEFC7720E5}.Debug|Any CPU.ActiveCfg = Debug|Any CPU
		{595C4A04-3029-4CE5-BDEA-06BEFC7720E5}.Debug|Any CPU.Build.0 = Debug|Any CPU
		{595C4A04-3029-4CE5-BDEA-06BEFC7720E5}.Release|Any CPU.ActiveCfg = Release|Any CPU
		{595C4A04-3029-4CE5-BDEA-06BEFC7720E5}.Release|Any CPU.Build.0 = Release|Any CPU
		{315E3216-DC13-476C-8CF2-773E7A920D24}.Debug|Any CPU.ActiveCfg = Debug|Any CPU
		{315E3216-DC13-476C-8CF2-773E7A920D24}.Debug|Any CPU.Build.0 = Debug|Any CPU
		{315E3216-DC13-476C-8CF2-773E7A920D24}.Release|Any CPU.ActiveCfg = Release|Any CPU
		{315E3216-DC13-476C-8CF2-773E7A920D24}.Release|Any CPU.Build.0 = Release|Any CPU
		{D5558310-3B27-477C-A7BB-C49B9212576D}.Debug|Any CPU.ActiveCfg = Debug|Any CPU
		{D5558310-3B27-477C-A7BB-C49B9212576D}.Debug|Any CPU.Build.0 = Debug|Any CPU
		{D5558310-3B27-477C-A7BB-C49B9212576D}.Release|Any CPU.ActiveCfg = Release|Any CPU
		{D5558310-3B27-477C-A7BB-C49B9212576D}.Release|Any CPU.Build.0 = Release|Any CPU
		{BEDBE38F-13EF-4D80-B5F4-DAE587422971}.Debug|Any CPU.ActiveCfg = Debug|Any CPU
		{BEDBE38F-13EF-4D80-B5F4-DAE587422971}.Debug|Any CPU.Build.0 = Debug|Any CPU
		{BEDBE38F-13EF-4D80-B5F4-DAE587422971}.Release|Any CPU.ActiveCfg = Release|Any CPU
		{BEDBE38F-13EF-4D80-B5F4-DAE587422971}.Release|Any CPU.Build.0 = Release|Any CPU
		{1BE8E1D3-5813-488A-9E06-87CE44B22B3D}.Debug|Any CPU.ActiveCfg = Debug|Any CPU
		{1BE8E1D3-5813-488A-9E06-87CE44B22B3D}.Debug|Any CPU.Build.0 = Debug|Any CPU
		{1BE8E1D3-5813-488A-9E06-87CE44B22B3D}.Release|Any CPU.ActiveCfg = Release|Any CPU
		{1BE8E1D3-5813-488A-9E06-87CE44B22B3D}.Release|Any CPU.Build.0 = Release|Any CPU
		{2FC60D42-A945-43C7-894E-E48E5F0CF6BF}.Debug|Any CPU.ActiveCfg = Debug|Any CPU
		{2FC60D42-A945-43C7-894E-E48E5F0CF6BF}.Debug|Any CPU.Build.0 = Debug|Any CPU
		{2FC60D42-A945-43C7-894E-E48E5F0CF6BF}.Release|Any CPU.ActiveCfg = Release|Any CPU
		{2FC60D42-A945-43C7-894E-E48E5F0CF6BF}.Release|Any CPU.Build.0 = Release|Any CPU
		{7D0269B2-B683-4ABC-935F-AFD69C954BBF}.Debug|Any CPU.ActiveCfg = Debug|Any CPU
		{7D0269B2-B683-4ABC-935F-AFD69C954BBF}.Debug|Any CPU.Build.0 = Debug|Any CPU
		{7D0269B2-B683-4ABC-935F-AFD69C954BBF}.Release|Any CPU.ActiveCfg = Release|Any CPU
		{7D0269B2-B683-4ABC-935F-AFD69C954BBF}.Release|Any CPU.Build.0 = Release|Any CPU
		{64DE710C-31B9-4E66-A8B2-1FA5F0BBAA89}.Debug|Any CPU.ActiveCfg = Debug|Any CPU
		{64DE710C-31B9-4E66-A8B2-1FA5F0BBAA89}.Debug|Any CPU.Build.0 = Debug|Any CPU
		{64DE710C-31B9-4E66-A8B2-1FA5F0BBAA89}.Release|Any CPU.ActiveCfg = Release|Any CPU
		{64DE710C-31B9-4E66-A8B2-1FA5F0BBAA89}.Release|Any CPU.Build.0 = Release|Any CPU
		{3A3226CF-325E-4F86-A03F-4281D8B5E2AF}.Debug|Any CPU.ActiveCfg = Debug|Any CPU
		{3A3226CF-325E-4F86-A03F-4281D8B5E2AF}.Debug|Any CPU.Build.0 = Debug|Any CPU
		{3A3226CF-325E-4F86-A03F-4281D8B5E2AF}.Release|Any CPU.ActiveCfg = Release|Any CPU
		{3A3226CF-325E-4F86-A03F-4281D8B5E2AF}.Release|Any CPU.Build.0 = Release|Any CPU
		{1F0E500C-0FB2-4176-9F89-36C441ABAE54}.Debug|Any CPU.ActiveCfg = Debug|Any CPU
		{1F0E500C-0FB2-4176-9F89-36C441ABAE54}.Debug|Any CPU.Build.0 = Debug|Any CPU
		{1F0E500C-0FB2-4176-9F89-36C441ABAE54}.Release|Any CPU.ActiveCfg = Release|Any CPU
		{1F0E500C-0FB2-4176-9F89-36C441ABAE54}.Release|Any CPU.Build.0 = Release|Any CPU
	EndGlobalSection
	GlobalSection(SolutionProperties) = preSolution
		HideSolutionNode = FALSE
	EndGlobalSection
	GlobalSection(NestedProjects) = preSolution
		{4418CB95-B37B-4608-A588-BA402E9CAA06} = {E1F99462-0124-4EE6-A300-FDCFFE139B9B}
		{097581EE-FD17-4822-83FA-8C1B90BE61E2} = {E1F99462-0124-4EE6-A300-FDCFFE139B9B}
		{B8C438ED-0428-40EA-A6B3-4B776EB7AA48} = {E1F99462-0124-4EE6-A300-FDCFFE139B9B}
		{5D4D2826-FB73-4B71-B5FD-1440A738476B} = {764C34B0-A74A-45AA-B727-132BD5335DA6}
		{5B1FEF63-2099-4D7C-9C9C-E0478F870BBA} = {764C34B0-A74A-45AA-B727-132BD5335DA6}
		{0CA572D8-9425-4EDA-AF79-56AE07B0176B} = {68C5D4C2-8053-492F-A61C-CDDDC200D1D2}
		{C5867032-598E-4568-BD85-083209505698} = {68C5D4C2-8053-492F-A61C-CDDDC200D1D2}
		{595C4A04-3029-4CE5-BDEA-06BEFC7720E5} = {E7A41604-7C79-414E-B618-A415DF5A79DB}
		{315E3216-DC13-476C-8CF2-773E7A920D24} = {324E44E4-1A13-4DDC-8153-0AC946F1B728}
		{D5558310-3B27-477C-A7BB-C49B9212576D} = {2F94C292-5536-4B51-B184-DE4178F4CD10}
		{BEDBE38F-13EF-4D80-B5F4-DAE587422971} = {2F94C292-5536-4B51-B184-DE4178F4CD10}
		{1BE8E1D3-5813-488A-9E06-87CE44B22B3D} = {2F94C292-5536-4B51-B184-DE4178F4CD10}
		{2FC60D42-A945-43C7-894E-E48E5F0CF6BF} = {4155F0C9-8E52-4987-AD85-456C023962CF}
		{7D0269B2-B683-4ABC-935F-AFD69C954BBF} = {4155F0C9-8E52-4987-AD85-456C023962CF}
		{64DE710C-31B9-4E66-A8B2-1FA5F0BBAA89} = {E1F99462-0124-4EE6-A300-FDCFFE139B9B}
		{3A3226CF-325E-4F86-A03F-4281D8B5E2AF} = {4155F0C9-8E52-4987-AD85-456C023962CF}
		{1F0E500C-0FB2-4176-9F89-36C441ABAE54} = {E587BC78-2481-4EC6-A968-25A4D0F15F23}
	EndGlobalSection
	GlobalSection(ExtensibilityGlobals) = postSolution
		SolutionGuid = {DB84D3D4-D425-46C6-8045-BF7BC36B8F25}
	EndGlobalSection
EndGlobal
