
Microsoft Visual Studio Solution File, Format Version 12.00
# Visual Studio Version 16
VisualStudioVersion = 16.0.29709.97
MinimumVisualStudioVersion = 10.0.40219.1
Project("{2150E333-8FDC-42A3-9474-1A3956D46DE8}") = "01_Fundamentals", "01_Fundamentals", "{E1F99462-0124-4EE6-A300-FDCFFE139B9B}"
EndProject
Project("{2150E333-8FDC-42A3-9474-1A3956D46DE8}") = "02_Input_Output", "02_Input_Output", "{764C34B0-A74A-45AA-B727-132BD5335DA6}"
EndProject
Project("{2150E333-8FDC-42A3-9474-1A3956D46DE8}") = "03_WorkWithText", "03_WorkWithText", "{68C5D4C2-8053-492F-A61C-CDDDC200D1D2}"
EndProject
Project("{2150E333-8FDC-42A3-9474-1A3956D46DE8}") = "WorkingWithLINQ", "WorkingWithLINQ", "{E7A41604-7C79-414E-B618-A415DF5A79DB}"
EndProject
Project("{9A19103F-16F7-4668-BE54-9A1E7A4F7556}") = "WorkingLINQ", "WorkingLINQ\WorkingLINQ.csproj", "{595C4A04-3029-4CE5-BDEA-06BEFC7720E5}"
EndProject
Project("{2150E333-8FDC-42A3-9474-1A3956D46DE8}") = "04_CollectionsAndGenerics", "04_CollectionsAndGenerics", "{324E44E4-1A13-4DDC-8153-0AC946F1B728}"
EndProject
Project("{2150E333-8FDC-42A3-9474-1A3956D46DE8}") = "05_Serialization", "05_Serialization", "{2F94C292-5536-4B51-B184-DE4178F4CD10}"
EndProject
Project("{2150E333-8FDC-42A3-9474-1A3956D46DE8}") = "07_Threading", "07_Threading", "{4155F0C9-8E52-4987-AD85-456C023962CF}"
EndProject
Project("{2150E333-8FDC-42A3-9474-1A3956D46DE8}") = "08_TaskParallelism", "08_TaskParallelism", "{E587BC78-2481-4EC6-A968-25A4D0F15F23}"
EndProject
Project("{9A19103F-16F7-4668-BE54-9A1E7A4F7556}") = "ConstructingClasses", "01_Fundamentals\ConstructingClasses\ConstructingClasses.csproj", "{AAD9E4C8-7DA3-4401-8930-BCBEB7FCE216}"
EndProject
Project("{9A19103F-16F7-4668-BE54-9A1E7A4F7556}") = "RecordTypesTest", "01_Fundamentals\RecordTypesTest\RecordTypesTest.csproj", "{64356060-3901-4443-ACD1-48B756435328}"
EndProject
Project("{9A19103F-16F7-4668-BE54-9A1E7A4F7556}") = "UsingRefereceTypes", "01_Fundamentals\UsingRefereceTypes\UsingRefereceTypes.csproj", "{932536C4-2D40-46CD-BFE2-1F74A8477365}"
EndProject
Project("{9A19103F-16F7-4668-BE54-9A1E7A4F7556}") = "UsingValueTypes", "01_Fundamentals\UsingValueTypes\UsingValueTypes.csproj", "{DC630728-270C-4C4E-A353-71FA59C02B9C}"
EndProject
Project("{9A19103F-16F7-4668-BE54-9A1E7A4F7556}") = "ReadWriteFilesAndStrems", "02_Input_Output\ReadWriteFilesAndStrems\ReadWriteFilesAndStrems.csproj", "{EB2704E3-0F81-4466-B36A-236455BB8843}"
EndProject
Project("{9A19103F-16F7-4668-BE54-9A1E7A4F7556}") = "WorkingWithFileSystem", "02_Input_Output\WorkingWithFileSystem\WorkingWithFileSystem.csproj", "{3C1638FA-257E-4F14-AE76-D326191992A0}"
EndProject
Project("{9A19103F-16F7-4668-BE54-9A1E7A4F7556}") = "EncodingAndDecoding", "03_WorkWithText\EncodingAndDecoding\EncodingAndDecoding.csproj", "{5E177506-DE92-4AE4-862A-EDC7ACC1A5C7}"
EndProject
Project("{9A19103F-16F7-4668-BE54-9A1E7A4F7556}") = "RegularExpression", "03_WorkWithText\RegularExpression\RegularExpression.csproj", "{2F92629F-CBE0-485E-A585-8A30DEF0C6E8}"
EndProject
Project("{9A19103F-16F7-4668-BE54-9A1E7A4F7556}") = "Collections", "04_CollectionsAndGenerics\Collections\Collections.csproj", "{5C3732DF-EC0E-4BEC-B1CE-99F1A8EAD74F}"
EndProject
Project("{9A19103F-16F7-4668-BE54-9A1E7A4F7556}") = "CustomSerialization", "05_Serialization\CustomSerialization\CustomSerialization.csproj", "{5B93C722-5C8E-4A67-86CE-B2BECBFB8EF0}"
EndProject
Project("{9A19103F-16F7-4668-BE54-9A1E7A4F7556}") = "SerializingObject", "05_Serialization\SerializingObject\SerializingObject.csproj", "{D7B77BC6-73F7-4C30-B036-8F116FC7EBC4}"
EndProject
Project("{9A19103F-16F7-4668-BE54-9A1E7A4F7556}") = "SerializingXML", "05_Serialization\SerializingXML\SerializingXML.csproj", "{2171CBEF-5305-4EF0-8372-86267A8FA322}"
EndProject
Project("{9A19103F-16F7-4668-BE54-9A1E7A4F7556}") = "ManagingThreads", "07_Threading\ManagingThreads\ManagingThreads.csproj", "{738A721F-CD21-489A-A413-A960784332C6}"
EndProject
Project("{9A19103F-16F7-4668-BE54-9A1E7A4F7556}") = "MultiThreading", "07_Threading\MultiThreading\MultiThreading.csproj", "{1A4F5295-53B6-4E9C-A245-A1477DE6CA78}"
EndProject
Project("{9A19103F-16F7-4668-BE54-9A1E7A4F7556}") = "StartingMultipleThreads", "07_Threading\StartingMultipleThreads\StartingMultipleThreads.csproj", "{39D26392-09F7-481B-92FA-476C0BE53D66}"
EndProject
Project("{9A19103F-16F7-4668-BE54-9A1E7A4F7556}") = "CreatingAndStartingTasks", "08_TaskParallelism\CreatingAndStartingTasks\CreatingAndStartingTasks.csproj", "{876C98DC-E570-4C33-AD0A-003E67EBF868}"
EndProject
Project("{9A19103F-16F7-4668-BE54-9A1E7A4F7556}") = "SyncAccessToResources", "SyncAccessToResources\SyncAccessToResources.csproj", "{F8890D07-63A4-4BD6-AD48-82FC5475571F}"
EndProject
Project("{9A19103F-16F7-4668-BE54-9A1E7A4F7556}") = "CancelingTasks", "08_TaskParallelism\CancelingTasks\CancelingTasks.csproj", "{D305D9ED-5B1F-42C7-A325-5FAE6F5B9C60}"
EndProject
Project("{9A19103F-16F7-4668-BE54-9A1E7A4F7556}") = "GetResultFromTask", "08_TaskParallelism\GetResultFromTask\GetResultFromTask.csproj", "{2044A870-1884-4A54-A4AD-8557660D3167}"
EndProject
Project("{9A19103F-16F7-4668-BE54-9A1E7A4F7556}") = "WaitOnRunningTask", "08_TaskParallelism\WaitOnRunningTask\WaitOnRunningTask.csproj", "{2FC70059-3FA5-4D39-ACE1-047E570D283A}"
EndProject
Project("{9A19103F-16F7-4668-BE54-9A1E7A4F7556}") = "HandlingExceptions", "08_TaskParallelism\HandlingExceptions\HandlingExceptions.csproj", "{7EBE3705-10AA-4343-A15D-907F9553E1AE}"
EndProject
Project("{9A19103F-16F7-4668-BE54-9A1E7A4F7556}") = "APMToTask", "08_TaskParallelism\APMToTask\APMToTask.csproj", "{E73F0C1E-3BB6-42CB-BA62-E9F210786B0F}"
EndProject
Project("{9A19103F-16F7-4668-BE54-9A1E7A4F7556}") = "EAPToTask", "08_TaskParallelism\EAPToTask\EAPToTask.csproj", "{A6DBE9EB-5E47-474E-BDB3-02BA76102B33}"
EndProject
Project("{9A19103F-16F7-4668-BE54-9A1E7A4F7556}") = "ContinuationTasks", "08_TaskParallelism\ContinuationTasks\ContinuationTasks.csproj", "{AA1E4833-04A7-407B-B37D-60552E92CDFF}"
EndProject
Project("{9A19103F-16F7-4668-BE54-9A1E7A4F7556}") = "ParentChildTasks", "08_TaskParallelism\ParentChildTasks\ParentChildTasks.csproj", "{94B78A6C-87F4-4EA3-873E-219A06951C42}"
EndProject
Project("{2150E333-8FDC-42A3-9474-1A3956D46DE8}") = "09_DataParallelism", "09_DataParallelism", "{BB811B1A-2486-4A5D-8EE6-DCF5C4AF3618}"
EndProject
Project("{FAE04EC0-301F-11D3-BF4B-00C04F79EFBC}") = "ParallelInvokeMethod", "09_DataParallelism\ParallelInvokeMethod\ParallelInvokeMethod.csproj", "{89E6971E-8D24-472D-8160-CE79C9AC4DA4}"
EndProject
Project("{FAE04EC0-301F-11D3-BF4B-00C04F79EFBC}") = "ParallelLoops", "09_DataParallelism\ParallelLoops\ParallelLoops.csproj", "{237EA3CB-C40E-4452-9DED-09E87C1AB612}"
EndProject
Project("{FAE04EC0-301F-11D3-BF4B-00C04F79EFBC}") = "DegreeOfParallelism", "09_DataParallelism\DegreeOfParallelism\DegreeOfParallelism.csproj", "{7EA22FBF-3EAF-45A5-9275-9E2B61C00B22}"
EndProject
Global
	GlobalSection(SolutionConfigurationPlatforms) = preSolution
		Debug|Any CPU = Debug|Any CPU
		Release|Any CPU = Release|Any CPU
	EndGlobalSection
	GlobalSection(ProjectConfigurationPlatforms) = postSolution
		{595C4A04-3029-4CE5-BDEA-06BEFC7720E5}.Debug|Any CPU.ActiveCfg = Debug|Any CPU
		{595C4A04-3029-4CE5-BDEA-06BEFC7720E5}.Debug|Any CPU.Build.0 = Debug|Any CPU
		{595C4A04-3029-4CE5-BDEA-06BEFC7720E5}.Release|Any CPU.ActiveCfg = Release|Any CPU
		{595C4A04-3029-4CE5-BDEA-06BEFC7720E5}.Release|Any CPU.Build.0 = Release|Any CPU
		{AAD9E4C8-7DA3-4401-8930-BCBEB7FCE216}.Debug|Any CPU.ActiveCfg = Debug|Any CPU
		{AAD9E4C8-7DA3-4401-8930-BCBEB7FCE216}.Debug|Any CPU.Build.0 = Debug|Any CPU
		{AAD9E4C8-7DA3-4401-8930-BCBEB7FCE216}.Release|Any CPU.ActiveCfg = Release|Any CPU
		{AAD9E4C8-7DA3-4401-8930-BCBEB7FCE216}.Release|Any CPU.Build.0 = Release|Any CPU
		{64356060-3901-4443-ACD1-48B756435328}.Debug|Any CPU.ActiveCfg = Debug|Any CPU
		{64356060-3901-4443-ACD1-48B756435328}.Debug|Any CPU.Build.0 = Debug|Any CPU
		{64356060-3901-4443-ACD1-48B756435328}.Release|Any CPU.ActiveCfg = Release|Any CPU
		{64356060-3901-4443-ACD1-48B756435328}.Release|Any CPU.Build.0 = Release|Any CPU
		{932536C4-2D40-46CD-BFE2-1F74A8477365}.Debug|Any CPU.ActiveCfg = Debug|Any CPU
		{932536C4-2D40-46CD-BFE2-1F74A8477365}.Debug|Any CPU.Build.0 = Debug|Any CPU
		{932536C4-2D40-46CD-BFE2-1F74A8477365}.Release|Any CPU.ActiveCfg = Release|Any CPU
		{932536C4-2D40-46CD-BFE2-1F74A8477365}.Release|Any CPU.Build.0 = Release|Any CPU
		{DC630728-270C-4C4E-A353-71FA59C02B9C}.Debug|Any CPU.ActiveCfg = Debug|Any CPU
		{DC630728-270C-4C4E-A353-71FA59C02B9C}.Debug|Any CPU.Build.0 = Debug|Any CPU
		{DC630728-270C-4C4E-A353-71FA59C02B9C}.Release|Any CPU.ActiveCfg = Release|Any CPU
		{DC630728-270C-4C4E-A353-71FA59C02B9C}.Release|Any CPU.Build.0 = Release|Any CPU
		{EB2704E3-0F81-4466-B36A-236455BB8843}.Debug|Any CPU.ActiveCfg = Debug|Any CPU
		{EB2704E3-0F81-4466-B36A-236455BB8843}.Debug|Any CPU.Build.0 = Debug|Any CPU
		{EB2704E3-0F81-4466-B36A-236455BB8843}.Release|Any CPU.ActiveCfg = Release|Any CPU
		{EB2704E3-0F81-4466-B36A-236455BB8843}.Release|Any CPU.Build.0 = Release|Any CPU
		{3C1638FA-257E-4F14-AE76-D326191992A0}.Debug|Any CPU.ActiveCfg = Debug|Any CPU
		{3C1638FA-257E-4F14-AE76-D326191992A0}.Debug|Any CPU.Build.0 = Debug|Any CPU
		{3C1638FA-257E-4F14-AE76-D326191992A0}.Release|Any CPU.ActiveCfg = Release|Any CPU
		{3C1638FA-257E-4F14-AE76-D326191992A0}.Release|Any CPU.Build.0 = Release|Any CPU
		{5E177506-DE92-4AE4-862A-EDC7ACC1A5C7}.Debug|Any CPU.ActiveCfg = Debug|Any CPU
		{5E177506-DE92-4AE4-862A-EDC7ACC1A5C7}.Debug|Any CPU.Build.0 = Debug|Any CPU
		{5E177506-DE92-4AE4-862A-EDC7ACC1A5C7}.Release|Any CPU.ActiveCfg = Release|Any CPU
		{5E177506-DE92-4AE4-862A-EDC7ACC1A5C7}.Release|Any CPU.Build.0 = Release|Any CPU
		{2F92629F-CBE0-485E-A585-8A30DEF0C6E8}.Debug|Any CPU.ActiveCfg = Debug|Any CPU
		{2F92629F-CBE0-485E-A585-8A30DEF0C6E8}.Debug|Any CPU.Build.0 = Debug|Any CPU
		{2F92629F-CBE0-485E-A585-8A30DEF0C6E8}.Release|Any CPU.ActiveCfg = Release|Any CPU
		{2F92629F-CBE0-485E-A585-8A30DEF0C6E8}.Release|Any CPU.Build.0 = Release|Any CPU
		{5C3732DF-EC0E-4BEC-B1CE-99F1A8EAD74F}.Debug|Any CPU.ActiveCfg = Debug|Any CPU
		{5C3732DF-EC0E-4BEC-B1CE-99F1A8EAD74F}.Debug|Any CPU.Build.0 = Debug|Any CPU
		{5C3732DF-EC0E-4BEC-B1CE-99F1A8EAD74F}.Release|Any CPU.ActiveCfg = Release|Any CPU
		{5C3732DF-EC0E-4BEC-B1CE-99F1A8EAD74F}.Release|Any CPU.Build.0 = Release|Any CPU
		{5B93C722-5C8E-4A67-86CE-B2BECBFB8EF0}.Debug|Any CPU.ActiveCfg = Debug|Any CPU
		{5B93C722-5C8E-4A67-86CE-B2BECBFB8EF0}.Debug|Any CPU.Build.0 = Debug|Any CPU
		{5B93C722-5C8E-4A67-86CE-B2BECBFB8EF0}.Release|Any CPU.ActiveCfg = Release|Any CPU
		{5B93C722-5C8E-4A67-86CE-B2BECBFB8EF0}.Release|Any CPU.Build.0 = Release|Any CPU
		{D7B77BC6-73F7-4C30-B036-8F116FC7EBC4}.Debug|Any CPU.ActiveCfg = Debug|Any CPU
		{D7B77BC6-73F7-4C30-B036-8F116FC7EBC4}.Debug|Any CPU.Build.0 = Debug|Any CPU
		{D7B77BC6-73F7-4C30-B036-8F116FC7EBC4}.Release|Any CPU.ActiveCfg = Release|Any CPU
		{D7B77BC6-73F7-4C30-B036-8F116FC7EBC4}.Release|Any CPU.Build.0 = Release|Any CPU
		{2171CBEF-5305-4EF0-8372-86267A8FA322}.Debug|Any CPU.ActiveCfg = Debug|Any CPU
		{2171CBEF-5305-4EF0-8372-86267A8FA322}.Debug|Any CPU.Build.0 = Debug|Any CPU
		{2171CBEF-5305-4EF0-8372-86267A8FA322}.Release|Any CPU.ActiveCfg = Release|Any CPU
		{2171CBEF-5305-4EF0-8372-86267A8FA322}.Release|Any CPU.Build.0 = Release|Any CPU
		{738A721F-CD21-489A-A413-A960784332C6}.Debug|Any CPU.ActiveCfg = Debug|Any CPU
		{738A721F-CD21-489A-A413-A960784332C6}.Debug|Any CPU.Build.0 = Debug|Any CPU
		{738A721F-CD21-489A-A413-A960784332C6}.Release|Any CPU.ActiveCfg = Release|Any CPU
		{738A721F-CD21-489A-A413-A960784332C6}.Release|Any CPU.Build.0 = Release|Any CPU
		{1A4F5295-53B6-4E9C-A245-A1477DE6CA78}.Debug|Any CPU.ActiveCfg = Debug|Any CPU
		{1A4F5295-53B6-4E9C-A245-A1477DE6CA78}.Debug|Any CPU.Build.0 = Debug|Any CPU
		{1A4F5295-53B6-4E9C-A245-A1477DE6CA78}.Release|Any CPU.ActiveCfg = Release|Any CPU
		{1A4F5295-53B6-4E9C-A245-A1477DE6CA78}.Release|Any CPU.Build.0 = Release|Any CPU
		{39D26392-09F7-481B-92FA-476C0BE53D66}.Debug|Any CPU.ActiveCfg = Debug|Any CPU
		{39D26392-09F7-481B-92FA-476C0BE53D66}.Debug|Any CPU.Build.0 = Debug|Any CPU
		{39D26392-09F7-481B-92FA-476C0BE53D66}.Release|Any CPU.ActiveCfg = Release|Any CPU
		{39D26392-09F7-481B-92FA-476C0BE53D66}.Release|Any CPU.Build.0 = Release|Any CPU
		{876C98DC-E570-4C33-AD0A-003E67EBF868}.Debug|Any CPU.ActiveCfg = Debug|Any CPU
		{876C98DC-E570-4C33-AD0A-003E67EBF868}.Debug|Any CPU.Build.0 = Debug|Any CPU
		{876C98DC-E570-4C33-AD0A-003E67EBF868}.Release|Any CPU.ActiveCfg = Release|Any CPU
		{876C98DC-E570-4C33-AD0A-003E67EBF868}.Release|Any CPU.Build.0 = Release|Any CPU
		{F8890D07-63A4-4BD6-AD48-82FC5475571F}.Debug|Any CPU.ActiveCfg = Debug|Any CPU
		{F8890D07-63A4-4BD6-AD48-82FC5475571F}.Debug|Any CPU.Build.0 = Debug|Any CPU
		{F8890D07-63A4-4BD6-AD48-82FC5475571F}.Release|Any CPU.ActiveCfg = Release|Any CPU
		{F8890D07-63A4-4BD6-AD48-82FC5475571F}.Release|Any CPU.Build.0 = Release|Any CPU
		{D305D9ED-5B1F-42C7-A325-5FAE6F5B9C60}.Debug|Any CPU.ActiveCfg = Debug|Any CPU
		{D305D9ED-5B1F-42C7-A325-5FAE6F5B9C60}.Debug|Any CPU.Build.0 = Debug|Any CPU
		{D305D9ED-5B1F-42C7-A325-5FAE6F5B9C60}.Release|Any CPU.ActiveCfg = Release|Any CPU
		{D305D9ED-5B1F-42C7-A325-5FAE6F5B9C60}.Release|Any CPU.Build.0 = Release|Any CPU
		{2044A870-1884-4A54-A4AD-8557660D3167}.Debug|Any CPU.ActiveCfg = Debug|Any CPU
		{2044A870-1884-4A54-A4AD-8557660D3167}.Debug|Any CPU.Build.0 = Debug|Any CPU
		{2044A870-1884-4A54-A4AD-8557660D3167}.Release|Any CPU.ActiveCfg = Release|Any CPU
		{2044A870-1884-4A54-A4AD-8557660D3167}.Release|Any CPU.Build.0 = Release|Any CPU
		{2FC70059-3FA5-4D39-ACE1-047E570D283A}.Debug|Any CPU.ActiveCfg = Debug|Any CPU
		{2FC70059-3FA5-4D39-ACE1-047E570D283A}.Debug|Any CPU.Build.0 = Debug|Any CPU
		{2FC70059-3FA5-4D39-ACE1-047E570D283A}.Release|Any CPU.ActiveCfg = Release|Any CPU
		{2FC70059-3FA5-4D39-ACE1-047E570D283A}.Release|Any CPU.Build.0 = Release|Any CPU
		{7EBE3705-10AA-4343-A15D-907F9553E1AE}.Debug|Any CPU.ActiveCfg = Debug|Any CPU
		{7EBE3705-10AA-4343-A15D-907F9553E1AE}.Debug|Any CPU.Build.0 = Debug|Any CPU
		{7EBE3705-10AA-4343-A15D-907F9553E1AE}.Release|Any CPU.ActiveCfg = Release|Any CPU
		{7EBE3705-10AA-4343-A15D-907F9553E1AE}.Release|Any CPU.Build.0 = Release|Any CPU
		{E73F0C1E-3BB6-42CB-BA62-E9F210786B0F}.Debug|Any CPU.ActiveCfg = Debug|Any CPU
		{E73F0C1E-3BB6-42CB-BA62-E9F210786B0F}.Debug|Any CPU.Build.0 = Debug|Any CPU
		{E73F0C1E-3BB6-42CB-BA62-E9F210786B0F}.Release|Any CPU.ActiveCfg = Release|Any CPU
		{E73F0C1E-3BB6-42CB-BA62-E9F210786B0F}.Release|Any CPU.Build.0 = Release|Any CPU
		{A6DBE9EB-5E47-474E-BDB3-02BA76102B33}.Debug|Any CPU.ActiveCfg = Debug|Any CPU
		{A6DBE9EB-5E47-474E-BDB3-02BA76102B33}.Debug|Any CPU.Build.0 = Debug|Any CPU
		{A6DBE9EB-5E47-474E-BDB3-02BA76102B33}.Release|Any CPU.ActiveCfg = Release|Any CPU
		{A6DBE9EB-5E47-474E-BDB3-02BA76102B33}.Release|Any CPU.Build.0 = Release|Any CPU
		{AA1E4833-04A7-407B-B37D-60552E92CDFF}.Debug|Any CPU.ActiveCfg = Debug|Any CPU
		{AA1E4833-04A7-407B-B37D-60552E92CDFF}.Debug|Any CPU.Build.0 = Debug|Any CPU
		{AA1E4833-04A7-407B-B37D-60552E92CDFF}.Release|Any CPU.ActiveCfg = Release|Any CPU
		{AA1E4833-04A7-407B-B37D-60552E92CDFF}.Release|Any CPU.Build.0 = Release|Any CPU
		{94B78A6C-87F4-4EA3-873E-219A06951C42}.Debug|Any CPU.ActiveCfg = Debug|Any CPU
		{94B78A6C-87F4-4EA3-873E-219A06951C42}.Debug|Any CPU.Build.0 = Debug|Any CPU
		{94B78A6C-87F4-4EA3-873E-219A06951C42}.Release|Any CPU.ActiveCfg = Release|Any CPU
		{94B78A6C-87F4-4EA3-873E-219A06951C42}.Release|Any CPU.Build.0 = Release|Any CPU
		{89E6971E-8D24-472D-8160-CE79C9AC4DA4}.Debug|Any CPU.ActiveCfg = Debug|Any CPU
		{89E6971E-8D24-472D-8160-CE79C9AC4DA4}.Debug|Any CPU.Build.0 = Debug|Any CPU
		{89E6971E-8D24-472D-8160-CE79C9AC4DA4}.Release|Any CPU.ActiveCfg = Release|Any CPU
		{89E6971E-8D24-472D-8160-CE79C9AC4DA4}.Release|Any CPU.Build.0 = Release|Any CPU
		{237EA3CB-C40E-4452-9DED-09E87C1AB612}.Debug|Any CPU.ActiveCfg = Debug|Any CPU
		{237EA3CB-C40E-4452-9DED-09E87C1AB612}.Debug|Any CPU.Build.0 = Debug|Any CPU
		{237EA3CB-C40E-4452-9DED-09E87C1AB612}.Release|Any CPU.ActiveCfg = Release|Any CPU
		{237EA3CB-C40E-4452-9DED-09E87C1AB612}.Release|Any CPU.Build.0 = Release|Any CPU
		{7EA22FBF-3EAF-45A5-9275-9E2B61C00B22}.Debug|Any CPU.ActiveCfg = Debug|Any CPU
		{7EA22FBF-3EAF-45A5-9275-9E2B61C00B22}.Debug|Any CPU.Build.0 = Debug|Any CPU
		{7EA22FBF-3EAF-45A5-9275-9E2B61C00B22}.Release|Any CPU.ActiveCfg = Release|Any CPU
		{7EA22FBF-3EAF-45A5-9275-9E2B61C00B22}.Release|Any CPU.Build.0 = Release|Any CPU
	EndGlobalSection
	GlobalSection(SolutionProperties) = preSolution
		HideSolutionNode = FALSE
	EndGlobalSection
	GlobalSection(NestedProjects) = preSolution
		{595C4A04-3029-4CE5-BDEA-06BEFC7720E5} = {E7A41604-7C79-414E-B618-A415DF5A79DB}
		{AAD9E4C8-7DA3-4401-8930-BCBEB7FCE216} = {E1F99462-0124-4EE6-A300-FDCFFE139B9B}
		{64356060-3901-4443-ACD1-48B756435328} = {E1F99462-0124-4EE6-A300-FDCFFE139B9B}
		{932536C4-2D40-46CD-BFE2-1F74A8477365} = {E1F99462-0124-4EE6-A300-FDCFFE139B9B}
		{DC630728-270C-4C4E-A353-71FA59C02B9C} = {E1F99462-0124-4EE6-A300-FDCFFE139B9B}
		{EB2704E3-0F81-4466-B36A-236455BB8843} = {764C34B0-A74A-45AA-B727-132BD5335DA6}
		{3C1638FA-257E-4F14-AE76-D326191992A0} = {764C34B0-A74A-45AA-B727-132BD5335DA6}
		{5E177506-DE92-4AE4-862A-EDC7ACC1A5C7} = {68C5D4C2-8053-492F-A61C-CDDDC200D1D2}
		{2F92629F-CBE0-485E-A585-8A30DEF0C6E8} = {68C5D4C2-8053-492F-A61C-CDDDC200D1D2}
		{5C3732DF-EC0E-4BEC-B1CE-99F1A8EAD74F} = {324E44E4-1A13-4DDC-8153-0AC946F1B728}
		{5B93C722-5C8E-4A67-86CE-B2BECBFB8EF0} = {2F94C292-5536-4B51-B184-DE4178F4CD10}
		{D7B77BC6-73F7-4C30-B036-8F116FC7EBC4} = {2F94C292-5536-4B51-B184-DE4178F4CD10}
		{2171CBEF-5305-4EF0-8372-86267A8FA322} = {2F94C292-5536-4B51-B184-DE4178F4CD10}
		{738A721F-CD21-489A-A413-A960784332C6} = {4155F0C9-8E52-4987-AD85-456C023962CF}
		{1A4F5295-53B6-4E9C-A245-A1477DE6CA78} = {4155F0C9-8E52-4987-AD85-456C023962CF}
		{39D26392-09F7-481B-92FA-476C0BE53D66} = {4155F0C9-8E52-4987-AD85-456C023962CF}
		{876C98DC-E570-4C33-AD0A-003E67EBF868} = {E587BC78-2481-4EC6-A968-25A4D0F15F23}
		{F8890D07-63A4-4BD6-AD48-82FC5475571F} = {4155F0C9-8E52-4987-AD85-456C023962CF}
		{D305D9ED-5B1F-42C7-A325-5FAE6F5B9C60} = {E587BC78-2481-4EC6-A968-25A4D0F15F23}
		{2044A870-1884-4A54-A4AD-8557660D3167} = {E587BC78-2481-4EC6-A968-25A4D0F15F23}
		{2FC70059-3FA5-4D39-ACE1-047E570D283A} = {E587BC78-2481-4EC6-A968-25A4D0F15F23}
		{7EBE3705-10AA-4343-A15D-907F9553E1AE} = {E587BC78-2481-4EC6-A968-25A4D0F15F23}
		{E73F0C1E-3BB6-42CB-BA62-E9F210786B0F} = {E587BC78-2481-4EC6-A968-25A4D0F15F23}
		{A6DBE9EB-5E47-474E-BDB3-02BA76102B33} = {E587BC78-2481-4EC6-A968-25A4D0F15F23}
		{AA1E4833-04A7-407B-B37D-60552E92CDFF} = {E587BC78-2481-4EC6-A968-25A4D0F15F23}
		{94B78A6C-87F4-4EA3-873E-219A06951C42} = {E587BC78-2481-4EC6-A968-25A4D0F15F23}
		{89E6971E-8D24-472D-8160-CE79C9AC4DA4} = {BB811B1A-2486-4A5D-8EE6-DCF5C4AF3618}
		{237EA3CB-C40E-4452-9DED-09E87C1AB612} = {BB811B1A-2486-4A5D-8EE6-DCF5C4AF3618}
		{7EA22FBF-3EAF-45A5-9275-9E2B61C00B22} = {BB811B1A-2486-4A5D-8EE6-DCF5C4AF3618}
	EndGlobalSection
	GlobalSection(ExtensibilityGlobals) = postSolution
		SolutionGuid = {DB84D3D4-D425-46C6-8045-BF7BC36B8F25}
	EndGlobalSection
EndGlobal
